
Microsoft Visual Studio Solution File, Format Version 12.00
# Visual Studio Version 17
VisualStudioVersion = 17.5.33516.290
MinimumVisualStudioVersion = 10.0.40219.1
Project("{2150E333-8FDC-42A3-9474-1A3956D46DE8}") = "Ecomerce", "Ecomerce", "{CAD10362-6A73-4295-A9D7-8181961E288C}"
EndProject
Project("{2150E333-8FDC-42A3-9474-1A3956D46DE8}") = "Core", "Core", "{152D51B8-A941-4551-A334-F5C1626EBD69}"
EndProject
Project("{2150E333-8FDC-42A3-9474-1A3956D46DE8}") = "Domain", "Domain", "{8CCFE05E-6910-4070-90C7-0C84813ED5A9}"
EndProject
Project("{2150E333-8FDC-42A3-9474-1A3956D46DE8}") = "Application", "Application", "{39225EA1-AC8D-43AE-8BAF-353021E734EA}"
EndProject
Project("{2150E333-8FDC-42A3-9474-1A3956D46DE8}") = "Adapters", "Adapters", "{364CFE49-7ECF-4297-A696-543DEBE7EB7D}"
EndProject
Project("{2150E333-8FDC-42A3-9474-1A3956D46DE8}") = "Consumers", "Consumers", "{D2C47F7B-742C-415F-9160-96A3BA2A5052}"
EndProject
Project("{2150E333-8FDC-42A3-9474-1A3956D46DE8}") = "Tests", "Tests", "{D1785DC9-BFBE-48C1-AB4E-EBD4D35E4380}"
EndProject
Project("{9A19103F-16F7-4668-BE54-9A1E7A4F7556}") = "Domain", "Domain\Domain.csproj", "{A15E8A8F-9F47-462A-B9A3-087A1594698F}"
EndProject
Project("{9A19103F-16F7-4668-BE54-9A1E7A4F7556}") = "Application", "Application\Application.csproj", "{06177328-E4DE-4316-A252-9CD70E2E2F33}"
EndProject
Project("{2150E333-8FDC-42A3-9474-1A3956D46DE8}") = "Domain", "Domain", "{B4CE23BD-E55E-4A6A-BD30-F616D0933EE1}"
EndProject
Project("{2150E333-8FDC-42A3-9474-1A3956D46DE8}") = "Application", "Application", "{EF3042DD-643C-439C-B9DA-2492067BBEFF}"
EndProject
Project("{2150E333-8FDC-42A3-9474-1A3956D46DE8}") = "Data", "Data", "{90CE279E-3924-4B3B-9C18-B6B82CD7146B}"
EndProject
Project("{9A19103F-16F7-4668-BE54-9A1E7A4F7556}") = "Data.Postgres", "Data.Postgres\Data.Postgres.csproj", "{8E3BA847-668A-44A9-8EE5-5B66B856888B}"
EndProject
Project("{9A19103F-16F7-4668-BE54-9A1E7A4F7556}") = "API", "API\API.csproj", "{14D19627-ED1F-4197-AC3E-DAAA5621CC4F}"
EndProject
Project("{FAE04EC0-301F-11D3-BF4B-00C04F79EFBC}") = "Data.Postgres.Reader", "Data.Postgres.Reader\Data.Postgres.Reader.csproj", "{B139A2B1-2F0A-4343-B951-25DF628C82A1}"
EndProject
Global
	GlobalSection(SolutionConfigurationPlatforms) = preSolution
		Debug|Any CPU = Debug|Any CPU
		Release|Any CPU = Release|Any CPU
	EndGlobalSection
	GlobalSection(ProjectConfigurationPlatforms) = postSolution
		{A15E8A8F-9F47-462A-B9A3-087A1594698F}.Debug|Any CPU.ActiveCfg = Debug|Any CPU
		{A15E8A8F-9F47-462A-B9A3-087A1594698F}.Debug|Any CPU.Build.0 = Debug|Any CPU
		{A15E8A8F-9F47-462A-B9A3-087A1594698F}.Release|Any CPU.ActiveCfg = Release|Any CPU
		{A15E8A8F-9F47-462A-B9A3-087A1594698F}.Release|Any CPU.Build.0 = Release|Any CPU
		{06177328-E4DE-4316-A252-9CD70E2E2F33}.Debug|Any CPU.ActiveCfg = Debug|Any CPU
		{06177328-E4DE-4316-A252-9CD70E2E2F33}.Debug|Any CPU.Build.0 = Debug|Any CPU
		{06177328-E4DE-4316-A252-9CD70E2E2F33}.Release|Any CPU.ActiveCfg = Release|Any CPU
		{06177328-E4DE-4316-A252-9CD70E2E2F33}.Release|Any CPU.Build.0 = Release|Any CPU
		{8E3BA847-668A-44A9-8EE5-5B66B856888B}.Debug|Any CPU.ActiveCfg = Debug|Any CPU
		{8E3BA847-668A-44A9-8EE5-5B66B856888B}.Debug|Any CPU.Build.0 = Debug|Any CPU
		{8E3BA847-668A-44A9-8EE5-5B66B856888B}.Release|Any CPU.ActiveCfg = Release|Any CPU
		{8E3BA847-668A-44A9-8EE5-5B66B856888B}.Release|Any CPU.Build.0 = Release|Any CPU
		{14D19627-ED1F-4197-AC3E-DAAA5621CC4F}.Debug|Any CPU.ActiveCfg = Debug|Any CPU
		{14D19627-ED1F-4197-AC3E-DAAA5621CC4F}.Debug|Any CPU.Build.0 = Debug|Any CPU
		{14D19627-ED1F-4197-AC3E-DAAA5621CC4F}.Release|Any CPU.ActiveCfg = Release|Any CPU
		{14D19627-ED1F-4197-AC3E-DAAA5621CC4F}.Release|Any CPU.Build.0 = Release|Any CPU
		{B139A2B1-2F0A-4343-B951-25DF628C82A1}.Debug|Any CPU.ActiveCfg = Debug|Any CPU
		{B139A2B1-2F0A-4343-B951-25DF628C82A1}.Debug|Any CPU.Build.0 = Debug|Any CPU
		{B139A2B1-2F0A-4343-B951-25DF628C82A1}.Release|Any CPU.ActiveCfg = Release|Any CPU
		{B139A2B1-2F0A-4343-B951-25DF628C82A1}.Release|Any CPU.Build.0 = Release|Any CPU
	EndGlobalSection
	GlobalSection(SolutionProperties) = preSolution
		HideSolutionNode = FALSE
	EndGlobalSection
	GlobalSection(NestedProjects) = preSolution
		{152D51B8-A941-4551-A334-F5C1626EBD69} = {CAD10362-6A73-4295-A9D7-8181961E288C}
		{8CCFE05E-6910-4070-90C7-0C84813ED5A9} = {152D51B8-A941-4551-A334-F5C1626EBD69}
		{39225EA1-AC8D-43AE-8BAF-353021E734EA} = {152D51B8-A941-4551-A334-F5C1626EBD69}
		{364CFE49-7ECF-4297-A696-543DEBE7EB7D} = {CAD10362-6A73-4295-A9D7-8181961E288C}
		{D2C47F7B-742C-415F-9160-96A3BA2A5052} = {CAD10362-6A73-4295-A9D7-8181961E288C}
		{D1785DC9-BFBE-48C1-AB4E-EBD4D35E4380} = {CAD10362-6A73-4295-A9D7-8181961E288C}
		{A15E8A8F-9F47-462A-B9A3-087A1594698F} = {8CCFE05E-6910-4070-90C7-0C84813ED5A9}
		{06177328-E4DE-4316-A252-9CD70E2E2F33} = {39225EA1-AC8D-43AE-8BAF-353021E734EA}
		{B4CE23BD-E55E-4A6A-BD30-F616D0933EE1} = {D1785DC9-BFBE-48C1-AB4E-EBD4D35E4380}
		{EF3042DD-643C-439C-B9DA-2492067BBEFF} = {D1785DC9-BFBE-48C1-AB4E-EBD4D35E4380}
		{90CE279E-3924-4B3B-9C18-B6B82CD7146B} = {364CFE49-7ECF-4297-A696-543DEBE7EB7D}
		{8E3BA847-668A-44A9-8EE5-5B66B856888B} = {90CE279E-3924-4B3B-9C18-B6B82CD7146B}
		{14D19627-ED1F-4197-AC3E-DAAA5621CC4F} = {D2C47F7B-742C-415F-9160-96A3BA2A5052}
		{B139A2B1-2F0A-4343-B951-25DF628C82A1} = {90CE279E-3924-4B3B-9C18-B6B82CD7146B}
	EndGlobalSection
	GlobalSection(ExtensibilityGlobals) = postSolution
		SolutionGuid = {ECBB3E57-70E0-4F23-BF1D-00E38CDD5B50}
	EndGlobalSection
EndGlobal
